
Microsoft Visual Studio Solution File, Format Version 12.00
# Visual Studio Version 16
VisualStudioVersion = 16.0.31729.503
MinimumVisualStudioVersion = 10.0.40219.1
Project("{FAE04EC0-301F-11D3-BF4B-00C04F79EFBC}") = "NeuralNetIDS", "NeuralNetIDS.csproj", "{A810A09B-8E91-41A5-A026-055C285806BD}"
EndProject
Global
	GlobalSection(SolutionConfigurationPlatforms) = preSolution
		Debug|Any CPU = Debug|Any CPU
		Release|Any CPU = Release|Any CPU
	EndGlobalSection
	GlobalSection(ProjectConfigurationPlatforms) = postSolution
		{A810A09B-8E91-41A5-A026-055C285806BD}.Debug|Any CPU.ActiveCfg = Debug|Any CPU
		{A810A09B-8E91-41A5-A026-055C285806BD}.Debug|Any CPU.Build.0 = Debug|Any CPU
		{A810A09B-8E91-41A5-A026-055C285806BD}.Release|Any CPU.ActiveCfg = Release|Any CPU
		{A810A09B-8E91-41A5-A026-055C285806BD}.Release|Any CPU.Build.0 = Release|Any CPU
	EndGlobalSection
	GlobalSection(SolutionProperties) = preSolution
		HideSolutionNode = FALSE
	EndGlobalSection
	GlobalSection(ExtensibilityGlobals) = postSolution
		SolutionGuid = {8A7AB6EE-22CC-44B3-A33B-578B9AD151F5}
	EndGlobalSection
EndGlobal
